
Microsoft Visual Studio Solution File, Format Version 12.00
# Visual Studio Version 17
VisualStudioVersion = 17.0.32112.339
MinimumVisualStudioVersion = 10.0.40219.1
Project("{2150E333-8FDC-42A3-9474-1A3956D46DE8}") = "src", "src", "{54A68B29-C414-47F3-9801-067BBA71C0B2}"
EndProject
Project("{2150E333-8FDC-42A3-9474-1A3956D46DE8}") = "API", "API", "{77461721-56C0-45FE-9F7C-BF4F15D65A08}"
EndProject
Project("{2150E333-8FDC-42A3-9474-1A3956D46DE8}") = "Core", "Core", "{A4D79DBD-FC31-4973-B45D-B960255B0F13}"
EndProject
Project("{2150E333-8FDC-42A3-9474-1A3956D46DE8}") = "Infrastructure", "Infrastructure", "{7DF640A1-8D2F-4AF2-A549-220AB20C3A6F}"
EndProject
Project("{2150E333-8FDC-42A3-9474-1A3956D46DE8}") = "UI", "UI", "{41787C36-4F43-469B-BA40-74A434F2AFF4}"
EndProject
Project("{9A19103F-16F7-4668-BE54-9A1E7A4F7556}") = "Domain", "Domain\Domain.csproj", "{3D4C5BCE-5E8C-4010-A2EB-1C7493C441E4}"
EndProject
Project("{9A19103F-16F7-4668-BE54-9A1E7A4F7556}") = "Application", "Application\Application.csproj", "{F363BD18-EC24-4C25-ADCE-73A6637B7430}"
EndProject
Project("{9A19103F-16F7-4668-BE54-9A1E7A4F7556}") = "Persistence", "Persistence\Persistence.csproj", "{438A7A63-A793-4508-8BFA-AAE88F68A44C}"
EndProject
Project("{9A19103F-16F7-4668-BE54-9A1E7A4F7556}") = "Infrastructure", "Infrastructure\Infrastructure.csproj", "{3325A4B9-B072-4F68-A6D2-A3FE6585699C}"
EndProject
Project("{FAE04EC0-301F-11D3-BF4B-00C04F79EFBC}") = "API", "API\API.csproj", "{854158C4-731D-4E54-A874-AA2658FBA443}"
EndProject
Global
	GlobalSection(SolutionConfigurationPlatforms) = preSolution
		Debug|Any CPU = Debug|Any CPU
		Release|Any CPU = Release|Any CPU
	EndGlobalSection
	GlobalSection(ProjectConfigurationPlatforms) = postSolution
		{3D4C5BCE-5E8C-4010-A2EB-1C7493C441E4}.Debug|Any CPU.ActiveCfg = Debug|Any CPU
		{3D4C5BCE-5E8C-4010-A2EB-1C7493C441E4}.Debug|Any CPU.Build.0 = Debug|Any CPU
		{3D4C5BCE-5E8C-4010-A2EB-1C7493C441E4}.Release|Any CPU.ActiveCfg = Release|Any CPU
		{3D4C5BCE-5E8C-4010-A2EB-1C7493C441E4}.Release|Any CPU.Build.0 = Release|Any CPU
		{F363BD18-EC24-4C25-ADCE-73A6637B7430}.Debug|Any CPU.ActiveCfg = Debug|Any CPU
		{F363BD18-EC24-4C25-ADCE-73A6637B7430}.Debug|Any CPU.Build.0 = Debug|Any CPU
		{F363BD18-EC24-4C25-ADCE-73A6637B7430}.Release|Any CPU.ActiveCfg = Release|Any CPU
		{F363BD18-EC24-4C25-ADCE-73A6637B7430}.Release|Any CPU.Build.0 = Release|Any CPU
		{438A7A63-A793-4508-8BFA-AAE88F68A44C}.Debug|Any CPU.ActiveCfg = Debug|Any CPU
		{438A7A63-A793-4508-8BFA-AAE88F68A44C}.Debug|Any CPU.Build.0 = Debug|Any CPU
		{438A7A63-A793-4508-8BFA-AAE88F68A44C}.Release|Any CPU.ActiveCfg = Release|Any CPU
		{438A7A63-A793-4508-8BFA-AAE88F68A44C}.Release|Any CPU.Build.0 = Release|Any CPU
		{3325A4B9-B072-4F68-A6D2-A3FE6585699C}.Debug|Any CPU.ActiveCfg = Debug|Any CPU
		{3325A4B9-B072-4F68-A6D2-A3FE6585699C}.Debug|Any CPU.Build.0 = Debug|Any CPU
		{3325A4B9-B072-4F68-A6D2-A3FE6585699C}.Release|Any CPU.ActiveCfg = Release|Any CPU
		{3325A4B9-B072-4F68-A6D2-A3FE6585699C}.Release|Any CPU.Build.0 = Release|Any CPU
		{854158C4-731D-4E54-A874-AA2658FBA443}.Debug|Any CPU.ActiveCfg = Debug|Any CPU
		{854158C4-731D-4E54-A874-AA2658FBA443}.Debug|Any CPU.Build.0 = Debug|Any CPU
		{854158C4-731D-4E54-A874-AA2658FBA443}.Release|Any CPU.ActiveCfg = Release|Any CPU
		{854158C4-731D-4E54-A874-AA2658FBA443}.Release|Any CPU.Build.0 = Release|Any CPU
	EndGlobalSection
	GlobalSection(SolutionProperties) = preSolution
		HideSolutionNode = FALSE
	EndGlobalSection
	GlobalSection(NestedProjects) = preSolution
		{77461721-56C0-45FE-9F7C-BF4F15D65A08} = {54A68B29-C414-47F3-9801-067BBA71C0B2}
		{A4D79DBD-FC31-4973-B45D-B960255B0F13} = {54A68B29-C414-47F3-9801-067BBA71C0B2}
		{7DF640A1-8D2F-4AF2-A549-220AB20C3A6F} = {54A68B29-C414-47F3-9801-067BBA71C0B2}
		{41787C36-4F43-469B-BA40-74A434F2AFF4} = {54A68B29-C414-47F3-9801-067BBA71C0B2}
		{3D4C5BCE-5E8C-4010-A2EB-1C7493C441E4} = {A4D79DBD-FC31-4973-B45D-B960255B0F13}
		{F363BD18-EC24-4C25-ADCE-73A6637B7430} = {A4D79DBD-FC31-4973-B45D-B960255B0F13}
		{438A7A63-A793-4508-8BFA-AAE88F68A44C} = {7DF640A1-8D2F-4AF2-A549-220AB20C3A6F}
		{3325A4B9-B072-4F68-A6D2-A3FE6585699C} = {7DF640A1-8D2F-4AF2-A549-220AB20C3A6F}
		{854158C4-731D-4E54-A874-AA2658FBA443} = {77461721-56C0-45FE-9F7C-BF4F15D65A08}
	EndGlobalSection
	GlobalSection(ExtensibilityGlobals) = postSolution
		SolutionGuid = {9AAFC3AF-09DD-4FFD-9C3E-2C5646190644}
	EndGlobalSection
EndGlobal
